spec = "lexlean/lock/1"
language = "1.0"
compiler_semantics = "fa171c7a2d78cf17e6cb49bbec5c1eed8bee20033472b1953211104068589ba7"
project_config_sha256 = "34e67ac06c1cede810206f070131f8c9a3b44e13e588a19939a4661447da5b4e"
lean_toolchain = "leanprover/lean4:v4.32.1"

[[workspace_file]]
path = "lake-manifest.json"
sha256 = "c144718a29e00f42e3627e1aef3ddd8704cfde4e19568b4279f078c1cc29b7b8"

[[workspace_file]]
path = "lakefile.toml"
sha256 = "db88f1cb05d4d4f5b8658d31c7eade34c4e6fb16fbb56f450c0160abc6ec42cb"

[[workspace_file]]
path = "lean-toolchain"
sha256 = "8e3538e0ab5f81a3ee04927d8838c8c674e0e112838b4b3ce87ec218143276af"

[[package]]
id = "lexlean.core"
version = "1.0.0"
kind = "builtin"
source = "embedded"
revision = "compiler-semantics"
tree_sha256 = "e729489584d93b0fd07ddc7bb6d0544b737b2a1f3a769713614c00902228df17"
manifest_sha256 = "3de2c46e1eea7eabf082c18797aae7c12113195c806f01115b3f1a13f7ab4ec1"
imports = []

[[package]]
id = "lexlean.std.nat"
version = "1.0.0"
kind = "builtin"
source = "embedded"
revision = "compiler-semantics"
tree_sha256 = "339e91b34e061513b5bfb09f8ff3be179223afaf913ab7cfa1fff47f198be94e"
manifest_sha256 = "fb1fe55701cbc3f73a731fe9f4b06a17dcdda064093732938074af482ba08bab"
imports = ["lexlean.core@1.0.0"]

[[package]]
id = "test.probe"
version = "1.0.0"
kind = "path"
source = "lexicons/test-probe"
revision = "none"
tree_sha256 = "beead949b5e5ccfc8fc83f50f215b9cb7c3a46a969f65c60d6c7b07bc0e46cde"
manifest_sha256 = "f0fafd800aa6bd60c1561a026765384776d64cc6c33e60193efd34de6b58e51a"
imports = ["lexlean.core@1.0.0", "lexlean.std.nat@1.0.0"]
