spec = "lexlean/lock/1"
language = "1.0"
compiler_semantics = "883d598d18e445f65c08e8936161bdc82621cb1b1c307dddc90de1b0999c4de5"
project_config_sha256 = "6f58102741da3027207f2f81462140414112ad7587b2b299b40c91eeebe2737c"
lean_toolchain = "leanprover/lean4:v4.32.1"

[[workspace_file]]
path = "lake-manifest.json"
sha256 = "c144718a29e00f42e3627e1aef3ddd8704cfde4e19568b4279f078c1cc29b7b8"

[[workspace_file]]
path = "lakefile.toml"
sha256 = "db88f1cb05d4d4f5b8658d31c7eade34c4e6fb16fbb56f450c0160abc6ec42cb"

[[workspace_file]]
path = "lean-toolchain"
sha256 = "8e3538e0ab5f81a3ee04927d8838c8c674e0e112838b4b3ce87ec218143276af"

[[package]]
id = "lexlean.core"
version = "1.0.0"
kind = "builtin"
source = "embedded"
revision = "compiler-semantics"
tree_sha256 = "e729489584d93b0fd07ddc7bb6d0544b737b2a1f3a769713614c00902228df17"
manifest_sha256 = "3de2c46e1eea7eabf082c18797aae7c12113195c806f01115b3f1a13f7ab4ec1"
imports = []

[[package]]
id = "lexlean.std.nat"
version = "1.0.0"
kind = "builtin"
source = "embedded"
revision = "compiler-semantics"
tree_sha256 = "339e91b34e061513b5bfb09f8ff3be179223afaf913ab7cfa1fff47f198be94e"
manifest_sha256 = "fb1fe55701cbc3f73a731fe9f4b06a17dcdda064093732938074af482ba08bab"
imports = ["lexlean.core@1.0.0"]
