spec = "lexlean/lock/1"
language = "1.0"
compiler_semantics = "d752d77728f1fede2540ce2b2bbf8ed7857f2c11409eeb91779b54f50f434707"
project_config_sha256 = "923e480475cee739e22cd0803d3840a5fabd71481eeeaf5dc9140da3eec94e8d"
lean_toolchain = "leanprover/lean4:v4.32.1"

[[workspace_file]]
path = "lake-manifest.json"
sha256 = "6d19355d639916387f0b4d3956c3c6c05c21942f3b7cb8a95f277e5f39612bdb"

[[workspace_file]]
path = "lakefile.toml"
sha256 = "add1af12a011c7a661e5a91bdd456c97dcf1a287672a4b53b64a1197dfd65a2c"

[[workspace_file]]
path = "lean-toolchain"
sha256 = "8e3538e0ab5f81a3ee04927d8838c8c674e0e112838b4b3ce87ec218143276af"

[[package]]
id = "lexlean.core"
version = "1.0.0"
kind = "builtin"
source = "embedded"
revision = "compiler-semantics"
tree_sha256 = "e729489584d93b0fd07ddc7bb6d0544b737b2a1f3a769713614c00902228df17"
manifest_sha256 = "3de2c46e1eea7eabf082c18797aae7c12113195c806f01115b3f1a13f7ab4ec1"
imports = []

[[package]]
id = "lexlean.std.int"
version = "1.0.0"
kind = "builtin"
source = "embedded"
revision = "compiler-semantics"
tree_sha256 = "e9cd250c90898cf771b26cfc8e02f516f39279133f003097aa1db7f6b8d91980"
manifest_sha256 = "fdd3c80a33cabc0fd6463bc825588ea73af948328cc8d47f2c17d3e6652b8fb4"
imports = ["lexlean.core@1.0.0"]

[[package]]
id = "lexlean.std.nat"
version = "1.0.0"
kind = "builtin"
source = "embedded"
revision = "compiler-semantics"
tree_sha256 = "339e91b34e061513b5bfb09f8ff3be179223afaf913ab7cfa1fff47f198be94e"
manifest_sha256 = "fb1fe55701cbc3f73a731fe9f4b06a17dcdda064093732938074af482ba08bab"
imports = ["lexlean.core@1.0.0"]

[[package]]
id = "lexlean.uor.atlas"
version = "1.0.0"
kind = "builtin"
source = "embedded"
revision = "compiler-semantics"
tree_sha256 = "2139200b83785c8fe6882787e6ecb72c2440f2de00ff50f4b3d82d314797942c"
manifest_sha256 = "49d0f41e154d0754384f2e766dc3a0bef72b4ee960f73fe4acfec247bcab73a2"
imports = ["lexlean.core@1.0.0", "lexlean.std.int@1.0.0", "lexlean.std.nat@1.0.0"]
