spec = "lexlean/lock/1"
language = "1.0"
compiler_semantics = "f4f89361dfd3626c9fff2a179fc654fe68b94d5370b14507c09871d93eeacec6"
project_config_sha256 = "ef9cef7a173c7d80a3f79d9cea12880df1837ff9be72554e6a20d4fb41afae2d"
lean_toolchain = "leanprover/lean4:v4.32.1"

[[workspace_file]]
path = "lake-manifest.json"
sha256 = "c144718a29e00f42e3627e1aef3ddd8704cfde4e19568b4279f078c1cc29b7b8"

[[workspace_file]]
path = "lakefile.toml"
sha256 = "db88f1cb05d4d4f5b8658d31c7eade34c4e6fb16fbb56f450c0160abc6ec42cb"

[[workspace_file]]
path = "lean-toolchain"
sha256 = "8e3538e0ab5f81a3ee04927d8838c8c674e0e112838b4b3ce87ec218143276af"

[[package]]
id = "lexlean.core"
version = "1.0.0"
kind = "builtin"
source = "embedded"
revision = "compiler-semantics"
tree_sha256 = "e729489584d93b0fd07ddc7bb6d0544b737b2a1f3a769713614c00902228df17"
manifest_sha256 = "3de2c46e1eea7eabf082c18797aae7c12113195c806f01115b3f1a13f7ab4ec1"
imports = []

[[package]]
id = "lexlean.std.nat"
version = "1.0.0"
kind = "builtin"
source = "embedded"
revision = "compiler-semantics"
tree_sha256 = "339e91b34e061513b5bfb09f8ff3be179223afaf913ab7cfa1fff47f198be94e"
manifest_sha256 = "fb1fe55701cbc3f73a731fe9f4b06a17dcdda064093732938074af482ba08bab"
imports = ["lexlean.core@1.0.0"]

[[package]]
id = "test.cyca"
version = "1.0.0"
kind = "path"
source = "lexicons/test-cyca"
revision = "none"
tree_sha256 = "82ea28032066c7dda549899bb05872d613cfc9c77d670f5c0ed4d52c63e48cfe"
manifest_sha256 = "a9ffe55db96c6d7dfe8100923b32ddf4d207f7559457e35d831657aee6b8d163"
imports = ["lexlean.core@1.0.0", "test.cycb@1.0.0"]

[[package]]
id = "test.cycb"
version = "1.0.0"
kind = "path"
source = "lexicons/test-cycb"
revision = "none"
tree_sha256 = "b2268535f5d7663d1ba75670610df86687e5683f0259f3c3b2393de63b5d7160"
manifest_sha256 = "b02b124cd376735d88dda069f6edf979a243bd6b5fcc1f77fcf3d2ff9166a632"
imports = ["lexlean.core@1.0.0", "test.cyca@1.0.0"]
