spec = "lexlean/lock/1"
language = "1.0"
compiler_semantics = "ee7f6422337406de90381f28b05432a760bb145a8e70be8e96bad649a7364e1f"
project_config_sha256 = "931f99c423535e9c25eecf238ab9f7fbf52add67922bee2a60de02548dfe1372"
lean_toolchain = "leanprover/lean4:v4.32.1"

[[workspace_file]]
path = "lake-manifest.json"
sha256 = "c144718a29e00f42e3627e1aef3ddd8704cfde4e19568b4279f078c1cc29b7b8"

[[workspace_file]]
path = "lakefile.toml"
sha256 = "db88f1cb05d4d4f5b8658d31c7eade34c4e6fb16fbb56f450c0160abc6ec42cb"

[[workspace_file]]
path = "lean-toolchain"
sha256 = "8e3538e0ab5f81a3ee04927d8838c8c674e0e112838b4b3ce87ec218143276af"

[[package]]
id = "lexlean.core"
version = "1.0.0"
kind = "builtin"
source = "embedded"
revision = "compiler-semantics"
tree_sha256 = "e729489584d93b0fd07ddc7bb6d0544b737b2a1f3a769713614c00902228df17"
manifest_sha256 = "3de2c46e1eea7eabf082c18797aae7c12113195c806f01115b3f1a13f7ab4ec1"
imports = []

[[package]]
id = "lexlean.std.int"
version = "1.0.0"
kind = "builtin"
source = "embedded"
revision = "compiler-semantics"
tree_sha256 = "e9cd250c90898cf771b26cfc8e02f516f39279133f003097aa1db7f6b8d91980"
manifest_sha256 = "fdd3c80a33cabc0fd6463bc825588ea73af948328cc8d47f2c17d3e6652b8fb4"
imports = ["lexlean.core@1.0.0"]

[[package]]
id = "lexlean.std.nat"
version = "1.0.0"
kind = "builtin"
source = "embedded"
revision = "compiler-semantics"
tree_sha256 = "339e91b34e061513b5bfb09f8ff3be179223afaf913ab7cfa1fff47f198be94e"
manifest_sha256 = "fb1fe55701cbc3f73a731fe9f4b06a17dcdda064093732938074af482ba08bab"
imports = ["lexlean.core@1.0.0"]

[[package]]
id = "lexlean.uor.atlas"
version = "1.0.0"
kind = "builtin"
source = "embedded"
revision = "compiler-semantics"
tree_sha256 = "724cbb85966835bcadb7d7ff7b3d7c307c7f4fde5fbecf9cb937ef37a559192a"
manifest_sha256 = "49d0f41e154d0754384f2e766dc3a0bef72b4ee960f73fe4acfec247bcab73a2"
imports = ["lexlean.core@1.0.0", "lexlean.std.int@1.0.0", "lexlean.std.nat@1.0.0"]

[[package]]
id = "test.dupa"
version = "1.0.0"
kind = "path"
source = "lexicons/test-dupa"
revision = "none"
tree_sha256 = "5cf0965031d17142b014f81fdcf940119a379dc43982589cd632a634a9e351d6"
manifest_sha256 = "c0ecffcf68b15230fe27df7cea9a5c9c7a3d072dacdc373f4e678f96926f9ba6"
imports = ["lexlean.core@1.0.0", "lexlean.std.nat@1.0.0"]

[[package]]
id = "test.dupb"
version = "1.0.0"
kind = "path"
source = "lexicons/test-dupb"
revision = "none"
tree_sha256 = "53d0e81ee5c4672ece5c430e020213b09a983e6f5f9026e30fc1555338abc91c"
manifest_sha256 = "f3bfaacaab26ea4b6a936e9cafd0c210056fb4309619d0463bb816bfc8b98831"
imports = ["lexlean.core@1.0.0", "lexlean.std.nat@1.0.0"]
